
Microsoft Visual Studio Solution File, Format Version 12.00
# Visual Studio 15
VisualStudioVersion = 15.0.27703.2026
MinimumVisualStudioVersion = 10.0.40219.1
Project("{FAE04EC0-301F-11D3-BF4B-00C04F79EFBC}") = "DesignPatterns_Observer", "DesignPatterns_Observer\DesignPatterns_Observer.csproj", "{AB77556F-A753-4003-8F50-029FDFA105DD}"
EndProject
Global
	GlobalSection(SolutionConfigurationPlatforms) = preSolution
		Debug|Any CPU = Debug|Any CPU
		Release|Any CPU = Release|Any CPU
	EndGlobalSection
	GlobalSection(ProjectConfigurationPlatforms) = postSolution
		{AB77556F-A753-4003-8F50-029FDFA105DD}.Debug|Any CPU.ActiveCfg = Debug|Any CPU
		{AB77556F-A753-4003-8F50-029FDFA105DD}.Debug|Any CPU.Build.0 = Debug|Any CPU
		{AB77556F-A753-4003-8F50-029FDFA105DD}.Release|Any CPU.ActiveCfg = Release|Any CPU
		{AB77556F-A753-4003-8F50-029FDFA105DD}.Release|Any CPU.Build.0 = Release|Any CPU
	EndGlobalSection
	GlobalSection(SolutionProperties) = preSolution
		HideSolutionNode = FALSE
	EndGlobalSection
	GlobalSection(ExtensibilityGlobals) = postSolution
		SolutionGuid = {4D6C2595-4A55-4805-8AB3-A68F99DB1216}
	EndGlobalSection
EndGlobal
